
Microsoft Visual Studio Solution File, Format Version 12.00
# Visual Studio Version 17
VisualStudioVersion = 17.1.32228.430
MinimumVisualStudioVersion = 10.0.40219.1
Project("{9A19103F-16F7-4668-BE54-9A1E7A4F7556}") = "Lab", "Lab\Lab.csproj", "{D390E06E-3A76-4D63-8786-44AF2C81CB4B}"
EndProject
Global
	GlobalSection(SolutionConfigurationPlatforms) = preSolution
		Debug|Any CPU = Debug|Any CPU
		Release|Any CPU = Release|Any CPU
	EndGlobalSection
	GlobalSection(ProjectConfigurationPlatforms) = postSolution
		{D390E06E-3A76-4D63-8786-44AF2C81CB4B}.Debug|Any CPU.ActiveCfg = Debug|Any CPU
		{D390E06E-3A76-4D63-8786-44AF2C81CB4B}.Debug|Any CPU.Build.0 = Debug|Any CPU
		{D390E06E-3A76-4D63-8786-44AF2C81CB4B}.Release|Any CPU.ActiveCfg = Release|Any CPU
		{D390E06E-3A76-4D63-8786-44AF2C81CB4B}.Release|Any CPU.Build.0 = Release|Any CPU
	EndGlobalSection
	GlobalSection(SolutionProperties) = preSolution
		HideSolutionNode = FALSE
	EndGlobalSection
	GlobalSection(ExtensibilityGlobals) = postSolution
		SolutionGuid = {4D37AE92-707E-4137-BE20-E0E26D0843CB}
	EndGlobalSection
EndGlobal
